
Microsoft Visual Studio Solution File, Format Version 12.00
# Visual Studio Version 17
VisualStudioVersion = 17.13.35919.96
MinimumVisualStudioVersion = 10.0.40219.1
Project("{FAE04EC0-301F-11D3-BF4B-00C04F79EFBC}") = "task2", "task2.csproj", "{F718D130-ADAE-48C5-8696-A0E870FF6A8D}"
EndProject
Project("{FAE04EC0-301F-11D3-BF4B-00C04F79EFBC}") = "task2Tests", "task2Tests\task2Tests.csproj", "{0088DFDB-476C-482C-879D-BB8B5943666D}"
EndProject
Global
	GlobalSection(SolutionConfigurationPlatforms) = preSolution
		Debug|Any CPU = Debug|Any CPU
		Release|Any CPU = Release|Any CPU
	EndGlobalSection
	GlobalSection(ProjectConfigurationPlatforms) = postSolution
		{F718D130-ADAE-48C5-8696-A0E870FF6A8D}.Debug|Any CPU.ActiveCfg = Debug|Any CPU
		{F718D130-ADAE-48C5-8696-A0E870FF6A8D}.Debug|Any CPU.Build.0 = Debug|Any CPU
		{F718D130-ADAE-48C5-8696-A0E870FF6A8D}.Release|Any CPU.ActiveCfg = Release|Any CPU
		{F718D130-ADAE-48C5-8696-A0E870FF6A8D}.Release|Any CPU.Build.0 = Release|Any CPU
		{0088DFDB-476C-482C-879D-BB8B5943666D}.Debug|Any CPU.ActiveCfg = Debug|Any CPU
		{0088DFDB-476C-482C-879D-BB8B5943666D}.Debug|Any CPU.Build.0 = Debug|Any CPU
		{0088DFDB-476C-482C-879D-BB8B5943666D}.Release|Any CPU.ActiveCfg = Release|Any CPU
		{0088DFDB-476C-482C-879D-BB8B5943666D}.Release|Any CPU.Build.0 = Release|Any CPU
	EndGlobalSection
	GlobalSection(SolutionProperties) = preSolution
		HideSolutionNode = FALSE
	EndGlobalSection
	GlobalSection(ExtensibilityGlobals) = postSolution
		SolutionGuid = {1C9D0396-00B2-4611-B774-45100C9613D0}
	EndGlobalSection
EndGlobal
